
Microsoft Visual Studio Solution File, Format Version 12.00
# Visual Studio Version 17
VisualStudioVersion = 17.4.33213.308
MinimumVisualStudioVersion = 10.0.40219.1
Project("{8BC9CEB8-8B4A-11D0-8D11-00A0C91BC942}") = "Pointers", "Pointers\Pointers.vcxproj", "{3D8C7BFE-2543-4A95-BF51-3049429C901D}"
EndProject
Project("{8BC9CEB8-8B4A-11D0-8D11-00A0C91BC942}") = "Refences", "Refences\Refences.vcxproj", "{E4840EDA-19F4-4870-B136-CBC32F3ECC04}"
EndProject
Project("{8BC9CEB8-8B4A-11D0-8D11-00A0C91BC942}") = "DynamicMemory", "DynamicMemory\DynamicMemory.vcxproj", "{D985561F-900E-4D75-A849-78C2B0C4CD45}"
EndProject
Global
	GlobalSection(SolutionConfigurationPlatforms) = preSolution
		Debug|x64 = Debug|x64
		Debug|x86 = Debug|x86
		Release|x64 = Release|x64
		Release|x86 = Release|x86
	EndGlobalSection
	GlobalSection(ProjectConfigurationPlatforms) = postSolution
		{3D8C7BFE-2543-4A95-BF51-3049429C901D}.Debug|x64.ActiveCfg = Debug|x64
		{3D8C7BFE-2543-4A95-BF51-3049429C901D}.Debug|x64.Build.0 = Debug|x64
		{3D8C7BFE-2543-4A95-BF51-3049429C901D}.Debug|x86.ActiveCfg = Debug|Win32
		{3D8C7BFE-2543-4A95-BF51-3049429C901D}.Debug|x86.Build.0 = Debug|Win32
		{3D8C7BFE-2543-4A95-BF51-3049429C901D}.Release|x64.ActiveCfg = Release|x64
		{3D8C7BFE-2543-4A95-BF51-3049429C901D}.Release|x64.Build.0 = Release|x64
		{3D8C7BFE-2543-4A95-BF51-3049429C901D}.Release|x86.ActiveCfg = Release|Win32
		{3D8C7BFE-2543-4A95-BF51-3049429C901D}.Release|x86.Build.0 = Release|Win32
		{E4840EDA-19F4-4870-B136-CBC32F3ECC04}.Debug|x64.ActiveCfg = Debug|x64
		{E4840EDA-19F4-4870-B136-CBC32F3ECC04}.Debug|x64.Build.0 = Debug|x64
		{E4840EDA-19F4-4870-B136-CBC32F3ECC04}.Debug|x86.ActiveCfg = Debug|Win32
		{E4840EDA-19F4-4870-B136-CBC32F3ECC04}.Debug|x86.Build.0 = Debug|Win32
		{E4840EDA-19F4-4870-B136-CBC32F3ECC04}.Release|x64.ActiveCfg = Release|x64
		{E4840EDA-19F4-4870-B136-CBC32F3ECC04}.Release|x64.Build.0 = Release|x64
		{E4840EDA-19F4-4870-B136-CBC32F3ECC04}.Release|x86.ActiveCfg = Release|Win32
		{E4840EDA-19F4-4870-B136-CBC32F3ECC04}.Release|x86.Build.0 = Release|Win32
		{D985561F-900E-4D75-A849-78C2B0C4CD45}.Debug|x64.ActiveCfg = Debug|x64
		{D985561F-900E-4D75-A849-78C2B0C4CD45}.Debug|x64.Build.0 = Debug|x64
		{D985561F-900E-4D75-A849-78C2B0C4CD45}.Debug|x86.ActiveCfg = Debug|Win32
		{D985561F-900E-4D75-A849-78C2B0C4CD45}.Debug|x86.Build.0 = Debug|Win32
		{D985561F-900E-4D75-A849-78C2B0C4CD45}.Release|x64.ActiveCfg = Release|x64
		{D985561F-900E-4D75-A849-78C2B0C4CD45}.Release|x64.Build.0 = Release|x64
		{D985561F-900E-4D75-A849-78C2B0C4CD45}.Release|x86.ActiveCfg = Release|Win32
		{D985561F-900E-4D75-A849-78C2B0C4CD45}.Release|x86.Build.0 = Release|Win32
	EndGlobalSection
	GlobalSection(SolutionProperties) = preSolution
		HideSolutionNode = FALSE
	EndGlobalSection
	GlobalSection(ExtensibilityGlobals) = postSolution
		SolutionGuid = {61CE33FC-2381-4525-BBDE-D2DD74A8A953}
	EndGlobalSection
EndGlobal
